
Microsoft Visual Studio Solution File, Format Version 12.00
Project("{2150E333-8FDC-42A3-9474-1A3956D46DE8}") = "Application", "Application", "{F28277D7-CBF0-4D40-B094-D4B66C5402C4}"
EndProject
Project("{2150E333-8FDC-42A3-9474-1A3956D46DE8}") = "Infrastructure", "Infrastructure", "{A5623753-CA18-4367-BC90-80AF046B400D}"
EndProject
Project("{2150E333-8FDC-42A3-9474-1A3956D46DE8}") = "Presentation", "Presentation", "{4A33315B-CE4E-4E71-A276-D593AE1831F7}"
EndProject
Project("{FAE04EC0-301F-11D3-BF4B-00C04F79EFBC}") = "WebLottery.Infrastructure.Entities", "WebLottery.Infrastructure.Entities\WebLottery.Infrastructure.Entities.csproj", "{E8A6807A-3FFA-4B02-92DF-9069CE3D8BEF}"
EndProject
Project("{FAE04EC0-301F-11D3-BF4B-00C04F79EFBC}") = "WebLottery.Application.Abstractions", "WebLottery.Application.Abstractions\WebLottery.Application.Abstractions.csproj", "{AEB0ED19-093A-4168-8AF7-443D694D7E2D}"
EndProject
Project("{FAE04EC0-301F-11D3-BF4B-00C04F79EFBC}") = "WebLottery.Infrastructure.DataAccess", "WebLottery.Infrastructure.DataAccess\WebLottery.Infrastructure.DataAccess.csproj", "{0D7B2414-EDF9-49C4-AFA9-2EE1B4463B10}"
EndProject
Project("{FAE04EC0-301F-11D3-BF4B-00C04F79EFBC}") = "WebLottery.Application.Contracts", "WebLottery.Application.Contracts\WebLottery.Application.Contracts.csproj", "{AAB4006D-0B29-435C-9E3A-DE92624A5790}"
EndProject
Project("{FAE04EC0-301F-11D3-BF4B-00C04F79EFBC}") = "WebLottery.Application", "WebLottery.Application\WebLottery.Application.csproj", "{34421C28-8423-42D1-8610-E8144276F315}"
EndProject
Project("{FAE04EC0-301F-11D3-BF4B-00C04F79EFBC}") = "WebLottery.Application.Models", "WebLottery.Application.Models\WebLottery.Application.Models.csproj", "{9875BE9C-7583-4A32-855C-897BD2BE9E76}"
EndProject
Global
	GlobalSection(SolutionConfigurationPlatforms) = preSolution
		Debug|Any CPU = Debug|Any CPU
		Release|Any CPU = Release|Any CPU
	EndGlobalSection
	GlobalSection(ProjectConfigurationPlatforms) = postSolution
		{E8A6807A-3FFA-4B02-92DF-9069CE3D8BEF}.Debug|Any CPU.ActiveCfg = Debug|Any CPU
		{E8A6807A-3FFA-4B02-92DF-9069CE3D8BEF}.Debug|Any CPU.Build.0 = Debug|Any CPU
		{E8A6807A-3FFA-4B02-92DF-9069CE3D8BEF}.Release|Any CPU.ActiveCfg = Release|Any CPU
		{E8A6807A-3FFA-4B02-92DF-9069CE3D8BEF}.Release|Any CPU.Build.0 = Release|Any CPU
		{AEB0ED19-093A-4168-8AF7-443D694D7E2D}.Debug|Any CPU.ActiveCfg = Debug|Any CPU
		{AEB0ED19-093A-4168-8AF7-443D694D7E2D}.Debug|Any CPU.Build.0 = Debug|Any CPU
		{AEB0ED19-093A-4168-8AF7-443D694D7E2D}.Release|Any CPU.ActiveCfg = Release|Any CPU
		{AEB0ED19-093A-4168-8AF7-443D694D7E2D}.Release|Any CPU.Build.0 = Release|Any CPU
		{0D7B2414-EDF9-49C4-AFA9-2EE1B4463B10}.Debug|Any CPU.ActiveCfg = Debug|Any CPU
		{0D7B2414-EDF9-49C4-AFA9-2EE1B4463B10}.Debug|Any CPU.Build.0 = Debug|Any CPU
		{0D7B2414-EDF9-49C4-AFA9-2EE1B4463B10}.Release|Any CPU.ActiveCfg = Release|Any CPU
		{0D7B2414-EDF9-49C4-AFA9-2EE1B4463B10}.Release|Any CPU.Build.0 = Release|Any CPU
		{AAB4006D-0B29-435C-9E3A-DE92624A5790}.Debug|Any CPU.ActiveCfg = Debug|Any CPU
		{AAB4006D-0B29-435C-9E3A-DE92624A5790}.Debug|Any CPU.Build.0 = Debug|Any CPU
		{AAB4006D-0B29-435C-9E3A-DE92624A5790}.Release|Any CPU.ActiveCfg = Release|Any CPU
		{AAB4006D-0B29-435C-9E3A-DE92624A5790}.Release|Any CPU.Build.0 = Release|Any CPU
		{34421C28-8423-42D1-8610-E8144276F315}.Debug|Any CPU.ActiveCfg = Debug|Any CPU
		{34421C28-8423-42D1-8610-E8144276F315}.Debug|Any CPU.Build.0 = Debug|Any CPU
		{34421C28-8423-42D1-8610-E8144276F315}.Release|Any CPU.ActiveCfg = Release|Any CPU
		{34421C28-8423-42D1-8610-E8144276F315}.Release|Any CPU.Build.0 = Release|Any CPU
		{9875BE9C-7583-4A32-855C-897BD2BE9E76}.Debug|Any CPU.ActiveCfg = Debug|Any CPU
		{9875BE9C-7583-4A32-855C-897BD2BE9E76}.Debug|Any CPU.Build.0 = Debug|Any CPU
		{9875BE9C-7583-4A32-855C-897BD2BE9E76}.Release|Any CPU.ActiveCfg = Release|Any CPU
		{9875BE9C-7583-4A32-855C-897BD2BE9E76}.Release|Any CPU.Build.0 = Release|Any CPU
	EndGlobalSection
	GlobalSection(NestedProjects) = preSolution
		{AEB0ED19-093A-4168-8AF7-443D694D7E2D} = {F28277D7-CBF0-4D40-B094-D4B66C5402C4}
		{0D7B2414-EDF9-49C4-AFA9-2EE1B4463B10} = {A5623753-CA18-4367-BC90-80AF046B400D}
		{AAB4006D-0B29-435C-9E3A-DE92624A5790} = {F28277D7-CBF0-4D40-B094-D4B66C5402C4}
		{34421C28-8423-42D1-8610-E8144276F315} = {F28277D7-CBF0-4D40-B094-D4B66C5402C4}
		{E8A6807A-3FFA-4B02-92DF-9069CE3D8BEF} = {A5623753-CA18-4367-BC90-80AF046B400D}
		{9875BE9C-7583-4A32-855C-897BD2BE9E76} = {F28277D7-CBF0-4D40-B094-D4B66C5402C4}
	EndGlobalSection
EndGlobal
